
Microsoft Visual Studio Solution File, Format Version 12.00
# Visual Studio 15
VisualStudioVersion = 15.0.26730.12
MinimumVisualStudioVersion = 10.0.40219.1
Project("{FAE04EC0-301F-11D3-BF4B-00C04F79EFBC}") = "ConsoleApp1", "ConsoleApp1\ConsoleApp1.csproj", "{2B13046C-5AF4-461D-B972-97CD38F27B65}"
EndProject
Global
	GlobalSection(SolutionConfigurationPlatforms) = preSolution
		Debug|Any CPU = Debug|Any CPU
		Release|Any CPU = Release|Any CPU
	EndGlobalSection
	GlobalSection(ProjectConfigurationPlatforms) = postSolution
		{2B13046C-5AF4-461D-B972-97CD38F27B65}.Debug|Any CPU.ActiveCfg = Debug|Any CPU
		{2B13046C-5AF4-461D-B972-97CD38F27B65}.Debug|Any CPU.Build.0 = Debug|Any CPU
		{2B13046C-5AF4-461D-B972-97CD38F27B65}.Release|Any CPU.ActiveCfg = Release|Any CPU
		{2B13046C-5AF4-461D-B972-97CD38F27B65}.Release|Any CPU.Build.0 = Release|Any CPU
	EndGlobalSection
	GlobalSection(SolutionProperties) = preSolution
		HideSolutionNode = FALSE
	EndGlobalSection
	GlobalSection(ExtensibilityGlobals) = postSolution
		SolutionGuid = {9AC9BC95-94AA-468E-9171-B8FF8C64CE3C}
	EndGlobalSection
EndGlobal
